
Microsoft Visual Studio Solution File, Format Version 12.00
# Visual Studio Version 17
VisualStudioVersion = 17.8.34330.188
MinimumVisualStudioVersion = 10.0.40219.1
Project("{FAE04EC0-301F-11D3-BF4B-00C04F79EFBC}") = "WpfApp118", "WpfApp118\WpfApp118.csproj", "{880F7DA7-586F-421A-B241-E664E1CD0641}"
EndProject
Global
	GlobalSection(SolutionConfigurationPlatforms) = preSolution
		Debug|Any CPU = Debug|Any CPU
		Release|Any CPU = Release|Any CPU
	EndGlobalSection
	GlobalSection(ProjectConfigurationPlatforms) = postSolution
		{880F7DA7-586F-421A-B241-E664E1CD0641}.Debug|Any CPU.ActiveCfg = Debug|Any CPU
		{880F7DA7-586F-421A-B241-E664E1CD0641}.Debug|Any CPU.Build.0 = Debug|Any CPU
		{880F7DA7-586F-421A-B241-E664E1CD0641}.Release|Any CPU.ActiveCfg = Release|Any CPU
		{880F7DA7-586F-421A-B241-E664E1CD0641}.Release|Any CPU.Build.0 = Release|Any CPU
	EndGlobalSection
	GlobalSection(SolutionProperties) = preSolution
		HideSolutionNode = FALSE
	EndGlobalSection
	GlobalSection(ExtensibilityGlobals) = postSolution
		SolutionGuid = {8404D410-3070-47E8-B2CB-09EB6531C7D5}
	EndGlobalSection
EndGlobal
